
Microsoft Visual Studio Solution File, Format Version 12.00
# Visual Studio 15
VisualStudioVersion = 15.0.28307.489
MinimumVisualStudioVersion = 10.0.40219.1
Project("{D2ABAB84-BF74-430A-B69E-9DC6D40DDA17}") = "OLAP-BI", "OLAP-BI\OLAP-BI.dwproj", "{56E7AF32-0BE5-4A54-9ECA-E1580D47FDB5}"
EndProject
Global
	GlobalSection(SolutionConfigurationPlatforms) = preSolution
		Development|Default = Development|Default
	EndGlobalSection
	GlobalSection(ProjectConfigurationPlatforms) = postSolution
		{56E7AF32-0BE5-4A54-9ECA-E1580D47FDB5}.Development|Default.ActiveCfg = Development
		{56E7AF32-0BE5-4A54-9ECA-E1580D47FDB5}.Development|Default.Build.0 = Development
		{56E7AF32-0BE5-4A54-9ECA-E1580D47FDB5}.Development|Default.Deploy.0 = Development
	EndGlobalSection
	GlobalSection(SolutionProperties) = preSolution
		HideSolutionNode = FALSE
	EndGlobalSection
	GlobalSection(ExtensibilityGlobals) = postSolution
		SolutionGuid = {4C3C53D6-DE94-451B-9939-4932AFD0FF24}
	EndGlobalSection
EndGlobal
